// !$*UTF8*$!
{
	archiveVersion = 1;
	classes = {
	};
	objectVersion = 51;
	objects = {

/* Begin PBXBuildFile section */
		107A04AA828CB5A61B2B15BB /* Pods_faceAnalysis.framework in Frameworks */ = {isa = PBXBuildFile; fileRef = DF81E55CDFBDD828948F901E /* Pods_faceAnalysis.framework */; };
		4B9075ED22C3F1FC00273E45 /* AppDelegate.swift in Sources */ = {isa = PBXBuildFile; fileRef = 4B9075EC22C3F1FC00273E45 /* AppDelegate.swift */; };
		4B9075EF22C3F1FC00273E45 /* ViewController.swift in Sources */ = {isa = PBXBuildFile; fileRef = 4B9075EE22C3F1FC00273E45 /* ViewController.swift */; };
		4B9075F222C3F1FC00273E45 /* Main.storyboard in Resources */ = {isa = PBXBuildFile; fileRef = 4B9075F022C3F1FC00273E45 /* Main.storyboard */; };
		4B9075F422C3F1FE00273E45 /* Assets.xcassets in Resources */ = {isa = PBXBuildFile; fileRef = 4B9075F322C3F1FE00273E45 /* Assets.xcassets */; };
		4B9075F722C3F1FE00273E45 /* LaunchScreen.storyboard in Resources */ = {isa = PBXBuildFile; fileRef = 4B9075F522C3F1FE00273E45 /* LaunchScreen.storyboard */; };
		4B90760222C3F1FF00273E45 /* faceAnalysisTests.swift in Sources */ = {isa = PBXBuildFile; fileRef = 4B90760122C3F1FF00273E45 /* faceAnalysisTests.swift */; };
		4B90760D22C3F1FF00273E45 /* faceAnalysisUITests.swift in Sources */ = {isa = PBXBuildFile; fileRef = 4B90760C22C3F1FF00273E45 /* faceAnalysisUITests.swift */; };
/* End PBXBuildFile section */

/* Begin PBXContainerItemProxy section */
		4B9075FE22C3F1FF00273E45 /* PBXContainerItemProxy */ = {
			isa = PBXContainerItemProxy;
			containerPortal = 4B9075E122C3F1FC00273E45 /* Project object */;
			proxyType = 1;
			remoteGlobalIDString = 4B9075E822C3F1FC00273E45;
			remoteInfo = faceAnalysis;
		};
		4B90760922C3F1FF00273E45 /* PBXContainerItemProxy */ = {
			isa = PBXContainerItemProxy;
			containerPortal = 4B9075E122C3F1FC00273E45 /* Project object */;
			proxyType = 1;
			remoteGlobalIDString = 4B9075E822C3F1FC00273E45;
			remoteInfo = faceAnalysis;
		};
/* End PBXContainerItemProxy section */

/* Begin PBXFileReference section */
		1BC9067FB163E37BB0CC5652 /* Pods-faceAnalysis.release.xcconfig */ = {isa = PBXFileReference; includeInIndex = 1; lastKnownFileType = text.xcconfig; name = "Pods-faceAnalysis.release.xcconfig"; path = "Target Support Files/Pods-faceAnalysis/Pods-faceAnalysis.release.xcconfig"; sourceTree = "<group>"; };
		240D325832574D511AF0074E /* Pods-faceAnalysis.debug.xcconfig */ = {isa = PBXFileReference; includeInIndex = 1; lastKnownFileType = text.xcconfig; name = "Pods-faceAnalysis.debug.xcconfig"; path = "Target Support Files/Pods-faceAnalysis/Pods-faceAnalysis.debug.xcconfig"; sourceTree = "<group>"; };
		4B9075E922C3F1FC00273E45 /* faceAnalysis.app */ = {isa = PBXFileReference; explicitFileType = wrapper.application; includeInIndex = 0; path = faceAnalysis.app; sourceTree = BUILT_PRODUCTS_DIR; };
		4B9075EC22C3F1FC00273E45 /* AppDelegate.swift */ = {isa = PBXFileReference; lastKnownFileType = sourcecode.swift; path = AppDelegate.swift; sourceTree = "<group>"; };
		4B9075EE22C3F1FC00273E45 /* ViewController.swift */ = {isa = PBXFileReference; lastKnownFileType = sourcecode.swift; path = ViewController.swift; sourceTree = "<group>"; };
		4B9075F122C3F1FC00273E45 /* Base */ = {isa = PBXFileReference; lastKnownFileType = file.storyboard; name = Base; path = Base.lproj/Main.storyboard; sourceTree = "<group>"; };
		4B9075F322C3F1FE00273E45 /* Assets.xcassets */ = {isa = PBXFileReference; lastKnownFileType = folder.assetcatalog; path = Assets.xcassets; sourceTree = "<group>"; };
		4B9075F622C3F1FE00273E45 /* Base */ = {isa = PBXFileReference; lastKnownFileType = file.storyboard; name = Base; path = Base.lproj/LaunchScreen.storyboard; sourceTree = "<group>"; };
		4B9075F822C3F1FE00273E45 /* Info.plist */ = {isa = PBXFileReference; lastKnownFileType = text.plist.xml; path = Info.plist; sourceTree = "<group>"; };
		4B9075FD22C3F1FF00273E45 /* faceAnalysisTests.xctest */ = {isa = PBXFileReference; explicitFileType = wrapper.cfbundle; includeInIndex = 0; path = faceAnalysisTests.xctest; sourceTree = BUILT_PRODUCTS_DIR; };
		4B90760122C3F1FF00273E45 /* faceAnalysisTests.swift */ = {isa = PBXFileReference; lastKnownFileType = sourcecode.swift; path = faceAnalysisTests.swift; sourceTree = "<group>"; };
		4B90760322C3F1FF00273E45 /* Info.plist */ = {isa = PBXFileReference; lastKnownFileType = text.plist.xml; path = Info.plist; sourceTree = "<group>"; };
		4B90760822C3F1FF00273E45 /* faceAnalysisUITests.xctest */ = {isa = PBXFileReference; explicitFileType = wrapper.cfbundle; includeInIndex = 0; path = faceAnalysisUITests.xctest; sourceTree = BUILT_PRODUCTS_DIR; };
		4B90760C22C3F1FF00273E45 /* faceAnalysisUITests.swift */ = {isa = PBXFileReference; lastKnownFileType = sourcecode.swift; path = faceAnalysisUITests.swift; sourceTree = "<group>"; };
		4B90760E22C3F1FF00273E45 /* Info.plist */ = {isa = PBXFileReference; lastKnownFileType = text.plist.xml; path = Info.plist; sourceTree = "<group>"; };
		DF81E55CDFBDD828948F901E /* Pods_faceAnalysis.framework */ = {isa = PBXFileReference; explicitFileType = wrapper.framework; includeInIndex = 0; path = Pods_faceAnalysis.framework; sourceTree = BUILT_PRODUCTS_DIR; };
/* End PBXFileReference section */

/* Begin PBXFrameworksBuildPhase section */
		4B9075E622C3F1FC00273E45 /* Frameworks */ = {
			isa = PBXFrameworksBuildPhase;
			buildActionMask = 2147483647;
			files = (
				107A04AA828CB5A61B2B15BB /* Pods_faceAnalysis.framework in Frameworks */,
			);
			runOnlyForDeploymentPostprocessing = 0;
		};
		4B9075FA22C3F1FF00273E45 /* Frameworks */ = {
			isa = PBXFrameworksBuildPhase;
			buildActionMask = 2147483647;
			files = (
			);
			runOnlyForDeploymentPostprocessing = 0;
		};
		4B90760522C3F1FF00273E45 /* Frameworks */ = {
			isa = PBXFrameworksBuildPhase;
			buildActionMask = 2147483647;
			files = (
			);
			runOnlyForDeploymentPostprocessing = 0;
		};
/* End PBXFrameworksBuildPhase section */

/* Begin PBXGroup section */
		393B1EF77FCD153DB77C93E3 /* Pods */ = {
			isa = PBXGroup;
			children = (
				240D325832574D511AF0074E /* Pods-faceAnalysis.debug.xcconfig */,
				1BC9067FB163E37BB0CC5652 /* Pods-faceAnalysis.release.xcconfig */,
			);
			path = Pods;
			sourceTree = "<group>";
		};
		4B9075E022C3F1FC00273E45 = {
			isa = PBXGroup;
			children = (
				4B9075EB22C3F1FC00273E45 /* faceAnalysis */,
				4B90760022C3F1FF00273E45 /* faceAnalysisTests */,
				4B90760B22C3F1FF00273E45 /* faceAnalysisUITests */,
				4B9075EA22C3F1FC00273E45 /* Products */,
				393B1EF77FCD153DB77C93E3 /* Pods */,
				A162670BA733555CBB59AEB4 /* Frameworks */,
			);
			sourceTree = "<group>";
		};
		4B9075EA22C3F1FC00273E45 /* Products */ = {
			isa = PBXGroup;
			children = (
				4B9075E922C3F1FC00273E45 /* faceAnalysis.app */,
				4B9075FD22C3F1FF00273E45 /* faceAnalysisTests.xctest */,
				4B90760822C3F1FF00273E45 /* faceAnalysisUITests.xctest */,
			);
			name = Products;
			sourceTree = "<group>";
		};
		4B9075EB22C3F1FC00273E45 /* faceAnalysis */ = {
			isa = PBXGroup;
			children = (
				4B9075EC22C3F1FC00273E45 /* AppDelegate.swift */,
				4B9075EE22C3F1FC00273E45 /* ViewController.swift */,
				4B9075F022C3F1FC00273E45 /* Main.storyboard */,
				4B9075F322C3F1FE00273E45 /* Assets.xcassets */,
				4B9075F522C3F1FE00273E45 /* LaunchScreen.storyboard */,
				4B9075F822C3F1FE00273E45 /* Info.plist */,
			);
			path = faceAnalysis;
			sourceTree = "<group>";
		};
		4B90760022C3F1FF00273E45 /* faceAnalysisTests */ = {
			isa = PBXGroup;
			children = (
				4B90760122C3F1FF00273E45 /* faceAnalysisTests.swift */,
				4B90760322C3F1FF00273E45 /* Info.plist */,
			);
			path = faceAnalysisTests;
			sourceTree = "<group>";
		};
		4B90760B22C3F1FF00273E45 /* faceAnalysisUITests */ = {
			isa = PBXGroup;
			children = (
				4B90760C22C3F1FF00273E45 /* faceAnalysisUITests.swift */,
				4B90760E22C3F1FF00273E45 /* Info.plist */,
			);
			path = faceAnalysisUITests;
			sourceTree = "<group>";
		};
		A162670BA733555CBB59AEB4 /* Frameworks */ = {
			isa = PBXGroup;
			children = (
				DF81E55CDFBDD828948F901E /* Pods_faceAnalysis.framework */,
			);
			name = Frameworks;
			sourceTree = "<group>";
		};
/* End PBXGroup section */

/* Begin PBXNativeTarget section */
		4B9075E822C3F1FC00273E45 /* faceAnalysis */ = {
			isa = PBXNativeTarget;
			buildConfigurationList = 4B90761122C3F1FF00273E45 /* Build configuration list for PBXNativeTarget "faceAnalysis" */;
			buildPhases = (
				17AF41D09DE12F4FAC97E4C8 /* [CP] Check Pods Manifest.lock */,
				4B9075E522C3F1FC00273E45 /* Sources */,
				4B9075E622C3F1FC00273E45 /* Frameworks */,
				4B9075E722C3F1FC00273E45 /* Resources */,
				6B97257C754EF4C513106250 /* [CP] Embed Pods Frameworks */,
			);
			buildRules = (
			);
			dependencies = (
			);
			name = faceAnalysis;
			productName = faceAnalysis;
			productReference = 4B9075E922C3F1FC00273E45 /* faceAnalysis.app */;
			productType = "com.apple.product-type.application";
		};
		4B9075FC22C3F1FF00273E45 /* faceAnalysisTests */ = {
			isa = PBXNativeTarget;
			buildConfigurationList = 4B90761422C3F1FF00273E45 /* Build configuration list for PBXNativeTarget "faceAnalysisTests" */;
			buildPhases = (
				4B9075F922C3F1FF00273E45 /* Sources */,
				4B9075FA22C3F1FF00273E45 /* Frameworks */,
				4B9075FB22C3F1FF00273E45 /* Resources */,
			);
			buildRules = (
			);
			dependencies = (
				4B9075FF22C3F1FF00273E45 /* PBXTargetDependency */,
			);
			name = faceAnalysisTests;
			productName = faceAnalysisTests;
			productReference = 4B9075FD22C3F1FF00273E45 /* faceAnalysisTests.xctest */;
			productType = "com.apple.product-type.bundle.unit-test";
		};
		4B90760722C3F1FF00273E45 /* faceAnalysisUITests */ = {
			isa = PBXNativeTarget;
			buildConfigurationList = 4B90761722C3F1FF00273E45 /* Build configuration list for PBXNativeTarget "faceAnalysisUITests" */;
			buildPhases = (
				4B90760422C3F1FF00273E45 /* Sources */,
				4B90760522C3F1FF00273E45 /* Frameworks */,
				4B90760622C3F1FF00273E45 /* Resources */,
			);
			buildRules = (
			);
			dependencies = (
				4B90760A22C3F1FF00273E45 /* PBXTargetDependency */,
			);
			name = faceAnalysisUITests;
			productName = faceAnalysisUITests;
			productReference = 4B90760822C3F1FF00273E45 /* faceAnalysisUITests.xctest */;
			productType = "com.apple.product-type.bundle.ui-testing";
		};
/* End PBXNativeTarget section */

/* Begin PBXProject section */
		4B9075E122C3F1FC00273E45 /* Project object */ = {
			isa = PBXProject;
			attributes = {
				LastSwiftUpdateCheck = 1020;
				LastUpgradeCheck = 1020;
				ORGANIZATIONNAME = "Olalekan Adeyeri";
				TargetAttributes = {
					4B9075E822C3F1FC00273E45 = {
						CreatedOnToolsVersion = 10.2.1;
					};
					4B9075FC22C3F1FF00273E45 = {
						CreatedOnToolsVersion = 10.2.1;
						TestTargetID = 4B9075E822C3F1FC00273E45;
					};
					4B90760722C3F1FF00273E45 = {
						CreatedOnToolsVersion = 10.2.1;
						TestTargetID = 4B9075E822C3F1FC00273E45;
					};
				};
			};
			buildConfigurationList = 4B9075E422C3F1FC00273E45 /* Build configuration list for PBXProject "faceAnalysis" */;
			compatibilityVersion = "Xcode 9.3";
			developmentRegion = en;
			hasScannedForEncodings = 0;
			knownRegions = (
				en,
				Base,
			);
			mainGroup = 4B9075E022C3F1FC00273E45;
			productRefGroup = 4B9075EA22C3F1FC00273E45 /* Products */;
			projectDirPath = "";
			projectRoot = "";
			targets = (
				4B9075E822C3F1FC00273E45 /* faceAnalysis */,
				4B9075FC22C3F1FF00273E45 /* faceAnalysisTests */,
				4B90760722C3F1FF00273E45 /* faceAnalysisUITests */,
			);
		};
/* End PBXProject section */

/* Begin PBXResourcesBuildPhase section */
		4B9075E722C3F1FC00273E45 /* Resources */ = {
			isa = PBXResourcesBuildPhase;
			buildActionMask = 2147483647;
			files = (
				4B9075F722C3F1FE00273E45 /* LaunchScreen.storyboard in Resources */,
				4B9075F422C3F1FE00273E45 /* Assets.xcassets in Resources */,
				4B9075F222C3F1FC00273E45 /* Main.storyboard in Resources */,
			);
			runOnlyForDeploymentPostprocessing = 0;
		};
		4B9075FB22C3F1FF00273E45 /* Resources */ = {
			isa = PBXResourcesBuildPhase;
			buildActionMask = 2147483647;
			files = (
			);
			runOnlyForDeploymentPostprocessing = 0;
		};
		4B90760622C3F1FF00273E45 /* Resources */ = {
			isa = PBXResourcesBuildPhase;
			buildActionMask = 2147483647;
			files = (
			);
			runOnlyForDeploymentPostprocessing = 0;
		};
/* End PBXResourcesBuildPhase section */

/* Begin PBXShellScriptBuildPhase section */
		17AF41D09DE12F4FAC97E4C8 /* [CP] Check Pods Manifest.lock */ = {
			isa = PBXShellScriptBuildPhase;
			buildActionMask = 2147483647;
			files = (
			);
			inputFileListPaths = (
			);
			inputPaths = (
				"${PODS_PODFILE_DIR_PATH}/Podfile.lock",
				"${PODS_ROOT}/Manifest.lock",
			);
			name = "[CP] Check Pods Manifest.lock";
			outputFileListPaths = (
			);
			outputPaths = (
				"$(DERIVED_FILE_DIR)/Pods-faceAnalysis-checkManifestLockResult.txt",
			);
			runOnlyForDeploymentPostprocessing = 0;
			shellPath = /bin/sh;
			shellScript = "diff \"${PODS_PODFILE_DIR_PATH}/Podfile.lock\" \"${PODS_ROOT}/Manifest.lock\" > /dev/null\nif [ $? != 0 ] ; then\n    # print error to STDERR\n    echo \"error: The sandbox is not in sync with the Podfile.lock. Run 'pod install' or update your CocoaPods installation.\" >&2\n    exit 1\nfi\n# This output is used by Xcode 'outputs' to avoid re-running this script phase.\necho \"SUCCESS\" > \"${SCRIPT_OUTPUT_FILE_0}\"\n";
			showEnvVarsInLog = 0;
		};
		6B97257C754EF4C513106250 /* [CP] Embed Pods Frameworks */ = {
			isa = PBXShellScriptBuildPhase;
			buildActionMask = 2147483647;
			files = (
			);
			inputFileListPaths = (
				"${PODS_ROOT}/Target Support Files/Pods-faceAnalysis/Pods-faceAnalysis-frameworks-${CONFIGURATION}-input-files.xcfilelist",
			);
			name = "[CP] Embed Pods Frameworks";
			outputFileListPaths = (
				"${PODS_ROOT}/Target Support Files/Pods-faceAnalysis/Pods-faceAnalysis-frameworks-${CONFIGURATION}-output-files.xcfilelist",
			);
			runOnlyForDeploymentPostprocessing = 0;
			shellPath = /bin/sh;
			shellScript = "\"${PODS_ROOT}/Target Support Files/Pods-faceAnalysis/Pods-faceAnalysis-frameworks.sh\"\n";
			showEnvVarsInLog = 0;
		};
/* End PBXShellScriptBuildPhase section */

/* Begin PBXSourcesBuildPhase section */
		4B9075E522C3F1FC00273E45 /* Sources */ = {
			isa = PBXSourcesBuildPhase;
			buildActionMask = 2147483647;
			files = (
				4B9075EF22C3F1FC00273E45 /* ViewController.swift in Sources */,
				4B9075ED22C3F1FC00273E45 /* AppDelegate.swift in Sources */,
			);
			runOnlyForDeploymentPostprocessing = 0;
		};
		4B9075F922C3F1FF00273E45 /* Sources */ = {
			isa = PBXSourcesBuildPhase;
			buildActionMask = 2147483647;
			files = (
				4B90760222C3F1FF00273E45 /* faceAnalysisTests.swift in Sources */,
			);
			runOnlyForDeploymentPostprocessing = 0;
		};
		4B90760422C3F1FF00273E45 /* Sources */ = {
			isa = PBXSourcesBuildPhase;
			buildActionMask = 2147483647;
			files = (
				4B90760D22C3F1FF00273E45 /* faceAnalysisUITests.swift in Sources */,
			);
			runOnlyForDeploymentPostprocessing = 0;
		};
/* End PBXSourcesBuildPhase section */

/* Begin PBXTargetDependency section */
		4B9075FF22C3F1FF00273E45 /* PBXTargetDependency */ = {
			isa = PBXTargetDependency;
			target = 4B9075E822C3F1FC00273E45 /* faceAnalysis */;
			targetProxy = 4B9075FE22C3F1FF00273E45 /* PBXContainerItemProxy */;
		};
		4B90760A22C3F1FF00273E45 /* PBXTargetDependency */ = {
			isa = PBXTargetDependency;
			target = 4B9075E822C3F1FC00273E45 /* faceAnalysis */;
			targetProxy = 4B90760922C3F1FF00273E45 /* PBXContainerItemProxy */;
		};
/* End PBXTargetDependency section */

/* Begin PBXVariantGroup section */
		4B9075F022C3F1FC00273E45 /* Main.storyboard */ = {
			isa = PBXVariantGroup;
			children = (
				4B9075F122C3F1FC00273E45 /* Base */,
			);
			name = Main.storyboard;
			sourceTree = "<group>";
		};
		4B9075F522C3F1FE00273E45 /* LaunchScreen.storyboard */ = {
			isa = PBXVariantGroup;
			children = (
				4B9075F622C3F1FE00273E45 /* Base */,
			);
			name = LaunchScreen.storyboard;
			sourceTree = "<group>";
		};
/* End PBXVariantGroup section */

/* Begin XCBuildConfiguration section */
		4B90760F22C3F1FF00273E45 /* Debug */ = {
			isa = XCBuildConfiguration;
			buildSettings = {
				ALWAYS_SEARCH_USER_PATHS = NO;
				CLANG_ANALYZER_NONNULL = YES;
				CLANG_ANALYZER_NUMBER_OBJECT_CONVERSION = YES_AGGRESSIVE;
				CLANG_CXX_LANGUAGE_STANDARD = "gnu++14";
				CLANG_CXX_LIBRARY = "libc++";
				CLANG_ENABLE_MODULES = YES;
				CLANG_ENABLE_OBJC_ARC = YES;
				CLANG_ENABLE_OBJC_WEAK = YES;
				CLANG_WARN_BLOCK_CAPTURE_AUTORELEASING = YES;
				CLANG_WARN_BOOL_CONVERSION = YES;
				CLANG_WARN_COMMA = YES;
				CLANG_WARN_CONSTANT_CONVERSION = YES;
				CLANG_WARN_DEPRECATED_OBJC_IMPLEMENTATIONS = YES;
				CLANG_WARN_DIRECT_OBJC_ISA_USAGE = YES_ERROR;
				CLANG_WARN_DOCUMENTATION_COMMENTS = YES;
				CLANG_WARN_EMPTY_BODY = YES;
				CLANG_WARN_ENUM_CONVERSION = YES;
				CLANG_WARN_INFINITE_RECURSION = YES;
				CLANG_WARN_INT_CONVERSION = YES;
				CLANG_WARN_NON_LITERAL_NULL_CONVERSION = YES;
				CLANG_WARN_OBJC_IMPLICIT_RETAIN_SELF = YES;
				CLANG_WARN_OBJC_LITERAL_CONVERSION = YES;
				CLANG_WARN_OBJC_ROOT_CLASS = YES_ERROR;
				CLANG_WARN_RANGE_LOOP_ANALYSIS = YES;
				CLANG_WARN_STRICT_PROTOTYPES = YES;
				CLANG_WARN_SUSPICIOUS_MOVE = YES;
				CLANG_WARN_UNGUARDED_AVAILABILITY = YES_AGGRESSIVE;
				CLANG_WARN_UNREACHABLE_CODE = YES;
				CLANG_WARN__DUPLICATE_METHOD_MATCH = YES;
				CODE_SIGN_IDENTITY = "iPhone Developer";
				COPY_PHASE_STRIP = NO;
				DEBUG_INFORMATION_FORMAT = dwarf;
				ENABLE_STRICT_OBJC_MSGSEND = YES;
				ENABLE_TESTABILITY = YES;
				GCC_C_LANGUAGE_STANDARD = gnu11;
				GCC_DYNAMIC_NO_PIC = NO;
				GCC_NO_COMMON_BLOCKS = YES;
				GCC_OPTIMIZATION_LEVEL = 0;
				GCC_PREPROCESSOR_DEFINITIONS = (
					"DEBUG=1",
					"$(inherited)",
				);
				GCC_WARN_64_TO_32_BIT_CONVERSION = YES;
				GCC_WARN_ABOUT_RETURN_TYPE = YES_ERROR;
				GCC_WARN_UNDECLARED_SELECTOR = YES;
				GCC_WARN_UNINITIALIZED_AUTOS = YES_AGGRESSIVE;
				GCC_WARN_UNUSED_FUNCTION = YES;
				GCC_WARN_UNUSED_VARIABLE = YES;
				IPHONEOS_DEPLOYMENT_TARGET = 12.2;
				MTL_ENABLE_DEBUG_INFO = INCLUDE_SOURCE;
				MTL_FAST_MATH = YES;
				ONLY_ACTIVE_ARCH = YES;
				SDKROOT = iphoneos;
				SWIFT_ACTIVE_COMPILATION_CONDITIONS = DEBUG;
				SWIFT_OPTIMIZATION_LEVEL = "-Onone";
			};
			name = Debug;
		};
		4B90761022C3F1FF00273E45 /* Release */ = {
			isa = XCBuildConfiguration;
			buildSettings = {
				ALWAYS_SEARCH_USER_PATHS = NO;
				CLANG_ANALYZER_NONNULL = YES;
				CLANG_ANALYZER_NUMBER_OBJECT_CONVERSION = YES_AGGRESSIVE;
				CLANG_CXX_LANGUAGE_STANDARD = "gnu++14";
				CLANG_CXX_LIBRARY = "libc++";
				CLANG_ENABLE_MODULES = YES;
				CLANG_ENABLE_OBJC_ARC = YES;
				CLANG_ENABLE_OBJC_WEAK = YES;
				CLANG_WARN_BLOCK_CAPTURE_AUTORELEASING = YES;
				CLANG_WARN_BOOL_CONVERSION = YES;
				CLANG_WARN_COMMA = YES;
				CLANG_WARN_CONSTANT_CONVERSION = YES;
				CLANG_WARN_DEPRECATED_OBJC_IMPLEMENTATIONS = YES;
				CLANG_WARN_DIRECT_OBJC_ISA_USAGE = YES_ERROR;
				CLANG_WARN_DOCUMENTATION_COMMENTS = YES;
				CLANG_WARN_EMPTY_BODY = YES;
				CLANG_WARN_ENUM_CONVERSION = YES;
				CLANG_WARN_INFINITE_RECURSION = YES;
				CLANG_WARN_INT_CONVERSION = YES;
				CLANG_WARN_NON_LITERAL_NULL_CONVERSION = YES;
				CLANG_WARN_OBJC_IMPLICIT_RETAIN_SELF = YES;
				CLANG_WARN_OBJC_LITERAL_CONVERSION = YES;
				CLANG_WARN_OBJC_ROOT_CLASS = YES_ERROR;
				CLANG_WARN_RANGE_LOOP_ANALYSIS = YES;
				CLANG_WARN_STRICT_PROTOTYPES = YES;
				CLANG_WARN_SUSPICIOUS_MOVE = YES;
				CLANG_WARN_UNGUARDED_AVAILABILITY = YES_AGGRESSIVE;
				CLANG_WARN_UNREACHABLE_CODE = YES;
				CLANG_WARN__DUPLICATE_METHOD_MATCH = YES;
				CODE_SIGN_IDENTITY = "iPhone Developer";
				COPY_PHASE_STRIP = NO;
				DEBUG_INFORMATION_FORMAT = "dwarf-with-dsym";
				ENABLE_NS_ASSERTIONS = NO;
				ENABLE_STRICT_OBJC_MSGSEND = YES;
				GCC_C_LANGUAGE_STANDARD = gnu11;
				GCC_NO_COMMON_BLOCKS = YES;
				GCC_WARN_64_TO_32_BIT_CONVERSION = YES;
				GCC_WARN_ABOUT_RETURN_TYPE = YES_ERROR;
				GCC_WARN_UNDECLARED_SELECTOR = YES;
				GCC_WARN_UNINITIALIZED_AUTOS = YES_AGGRESSIVE;
				GCC_WARN_UNUSED_FUNCTION = YES;
				GCC_WARN_UNUSED_VARIABLE = YES;
				IPHONEOS_DEPLOYMENT_TARGET = 12.2;
				MTL_ENABLE_DEBUG_INFO = NO;
				MTL_FAST_MATH = YES;
				SDKROOT = iphoneos;
				SWIFT_COMPILATION_MODE = wholemodule;
				SWIFT_OPTIMIZATION_LEVEL = "-O";
				VALIDATE_PRODUCT = YES;
			};
			name = Release;
		};
		4B90761222C3F1FF00273E45 /* Debug */ = {
			isa = XCBuildConfiguration;
			baseConfigurationReference = 240D325832574D511AF0074E /* Pods-faceAnalysis.debug.xcconfig */;
			buildSettings = {
				ASSETCATALOG_COMPILER_APPICON_NAME = AppIcon;
				CODE_SIGN_STYLE = Automatic;
				DEVELOPMENT_TEAM = Q9TJ5JS9PX;
				INFOPLIST_FILE = faceAnalysis/Info.plist;
				IPHONEOS_DEPLOYMENT_TARGET = 12.0;
				LD_RUNPATH_SEARCH_PATHS = (
					"$(inherited)",
					"@executable_path/Frameworks",
				);
				PRODUCT_BUNDLE_IDENTIFIER = hackathon.faceAnalysisiOS;
				PRODUCT_NAME = "$(TARGET_NAME)";
				SWIFT_VERSION = 5.0;
				TARGETED_DEVICE_FAMILY = "1,2";
			};
			name = Debug;
		};
		4B90761322C3F1FF00273E45 /* Release */ = {
			isa = XCBuildConfiguration;
			baseConfigurationReference = 1BC9067FB163E37BB0CC5652 /* Pods-faceAnalysis.release.xcconfig */;
			buildSettings = {
				ASSETCATALOG_COMPILER_APPICON_NAME = AppIcon;
				CODE_SIGN_STYLE = Automatic;
				DEVELOPMENT_TEAM = Q9TJ5JS9PX;
				INFOPLIST_FILE = faceAnalysis/Info.plist;
				IPHONEOS_DEPLOYMENT_TARGET = 12.0;
				LD_RUNPATH_SEARCH_PATHS = (
					"$(inherited)",
					"@executable_path/Frameworks",
				);
				PRODUCT_BUNDLE_IDENTIFIER = hackathon.faceAnalysisiOS;
				PRODUCT_NAME = "$(TARGET_NAME)";
				SWIFT_VERSION = 5.0;
				TARGETED_DEVICE_FAMILY = "1,2";
			};
			name = Release;
		};
		4B90761522C3F1FF00273E45 /* Debug */ = {
			isa = XCBuildConfiguration;
			buildSettings = {
				ALWAYS_EMBED_SWIFT_STANDARD_LIBRARIES = YES;
				BUNDLE_LOADER = "$(TEST_HOST)";
				CODE_SIGN_STYLE = Automatic;
				DEVELOPMENT_TEAM = BKAQL2TTB5;
				INFOPLIST_FILE = faceAnalysisTests/Info.plist;
				LD_RUNPATH_SEARCH_PATHS = (
					"$(inherited)",
					"@executable_path/Frameworks",
					"@loader_path/Frameworks",
				);
				PRODUCT_BUNDLE_IDENTIFIER = hackathon.faceAnalysisTests;
				PRODUCT_NAME = "$(TARGET_NAME)";
				SWIFT_VERSION = 5.0;
				TARGETED_DEVICE_FAMILY = "1,2";
				TEST_HOST = "$(BUILT_PRODUCTS_DIR)/faceAnalysis.app/faceAnalysis";
			};
			name = Debug;
		};
		4B90761622C3F1FF00273E45 /* Release */ = {
			isa = XCBuildConfiguration;
			buildSettings = {
				ALWAYS_EMBED_SWIFT_STANDARD_LIBRARIES = YES;
				BUNDLE_LOADER = "$(TEST_HOST)";
				CODE_SIGN_STYLE = Automatic;
				DEVELOPMENT_TEAM = BKAQL2TTB5;
				INFOPLIST_FILE = faceAnalysisTests/Info.plist;
				LD_RUNPATH_SEARCH_PATHS = (
					"$(inherited)",
					"@executable_path/Frameworks",
					"@loader_path/Frameworks",
				);
				PRODUCT_BUNDLE_IDENTIFIER = hackathon.faceAnalysisTests;
				PRODUCT_NAME = "$(TARGET_NAME)";
				SWIFT_VERSION = 5.0;
				TARGETED_DEVICE_FAMILY = "1,2";
				TEST_HOST = "$(BUILT_PRODUCTS_DIR)/faceAnalysis.app/faceAnalysis";
			};
			name = Release;
		};
		4B90761822C3F1FF00273E45 /* Debug */ = {
			isa = XCBuildConfiguration;
			buildSettings = {
				ALWAYS_EMBED_SWIFT_STANDARD_LIBRARIES = YES;
				CODE_SIGN_STYLE = Automatic;
				DEVELOPMENT_TEAM = BKAQL2TTB5;
				INFOPLIST_FILE = faceAnalysisUITests/Info.plist;
				LD_RUNPATH_SEARCH_PATHS = (
					"$(inherited)",
					"@executable_path/Frameworks",
					"@loader_path/Frameworks",
				);
				PRODUCT_BUNDLE_IDENTIFIER = hackathon.faceAnalysisUITests;
				PRODUCT_NAME = "$(TARGET_NAME)";
				SWIFT_VERSION = 5.0;
				TARGETED_DEVICE_FAMILY = "1,2";
				TEST_TARGET_NAME = faceAnalysis;
			};
			name = Debug;
		};
		4B90761922C3F1FF00273E45 /* Release */ = {
			isa = XCBuildConfiguration;
			buildSettings = {
				ALWAYS_EMBED_SWIFT_STANDARD_LIBRARIES = YES;
				CODE_SIGN_STYLE = Automatic;
				DEVELOPMENT_TEAM = BKAQL2TTB5;
				INFOPLIST_FILE = faceAnalysisUITests/Info.plist;
				LD_RUNPATH_SEARCH_PATHS = (
					"$(inherited)",
					"@executable_path/Frameworks",
					"@loader_path/Frameworks",
				);
				PRODUCT_BUNDLE_IDENTIFIER = hackathon.faceAnalysisUITests;
				PRODUCT_NAME = "$(TARGET_NAME)";
				SWIFT_VERSION = 5.0;
				TARGETED_DEVICE_FAMILY = "1,2";
				TEST_TARGET_NAME = faceAnalysis;
			};
			name = Release;
		};
/* End XCBuildConfiguration section */

/* Begin XCConfigurationList section */
		4B9075E422C3F1FC00273E45 /* Build configuration list for PBXProject "faceAnalysis" */ = {
			isa = XCConfigurationList;
			buildConfigurations = (
				4B90760F22C3F1FF00273E45 /* Debug */,
				4B90761022C3F1FF00273E45 /* Release */,
			);
			defaultConfigurationIsVisible = 0;
			defaultConfigurationName = Release;
		};
		4B90761122C3F1FF00273E45 /* Build configuration list for PBXNativeTarget "faceAnalysis" */ = {
			isa = XCConfigurationList;
			buildConfigurations = (
				4B90761222C3F1FF00273E45 /* Debug */,
				4B90761322C3F1FF00273E45 /* Release */,
			);
			defaultConfigurationIsVisible = 0;
			defaultConfigurationName = Release;
		};
		4B90761422C3F1FF00273E45 /* Build configuration list for PBXNativeTarget "faceAnalysisTests" */ = {
			isa = XCConfigurationList;
			buildConfigurations = (
				4B90761522C3F1FF00273E45 /* Debug */,
				4B90761622C3F1FF00273E45 /* Release */,
			);
			defaultConfigurationIsVisible = 0;
			defaultConfigurationName = Release;
		};
		4B90761722C3F1FF00273E45 /* Build configuration list for PBXNativeTarget "faceAnalysisUITests" */ = {
			isa = XCConfigurationList;
			buildConfigurations = (
				4B90761822C3F1FF00273E45 /* Debug */,
				4B90761922C3F1FF00273E45 /* Release */,
			);
			defaultConfigurationIsVisible = 0;
			defaultConfigurationName = Release;
		};
/* End XCConfigurationList section */
	};
	rootObject = 4B9075E122C3F1FC00273E45 /* Project object */;
}
